
Microsoft Visual Studio Solution File, Format Version 12.00
# Visual Studio Version 17
VisualStudioVersion = 17.6.33815.320
MinimumVisualStudioVersion = 10.0.40219.1
Project("{8BC9CEB8-8B4A-11D0-8D11-00A0C91BC942}") = "es40", "es40.vcxproj", "{C8EAA875-0ABD-48B5-B122-9006AE3D9A08}"
EndProject
Project("{8BC9CEB8-8B4A-11D0-8D11-00A0C91BC942}") = "es40-cfg", "es40-cfg.vcxproj", "{1AF24273-FF0D-43AB-90DF-4823AE3D05BE}"
EndProject
Project("{8BC9CEB8-8B4A-11D0-8D11-00A0C91BC942}") = "asmjit", "asmjit.vcxproj", "{A11C0DE0-0000-4A11-B0F1-A2C3D4E5F601}"
EndProject
Project("{8BC9CEB8-8B4A-11D0-8D11-00A0C91BC942}") = "curses-win32", "curses-win32.vcxproj", "{6C1F0A3E-5B2D-4E8A-9C71-2D3E4F5A6B01}"
EndProject
Project("{8BC9CEB8-8B4A-11D0-8D11-00A0C91BC942}") = "es40-cfg-tui", "es40-cfg-tui.vcxproj", "{7D2E1B4F-6C3E-4F9B-8D82-3E4F5A6B7C02}"
EndProject
Global
	GlobalSection(SolutionConfigurationPlatforms) = preSolution
		Debug|x64 = Debug|x64
		Profile|x64 = Profile|x64
		Release IDB|x64 = Release IDB|x64
		Release LSM|x64 = Release LSM|x64
		Release LSS|x64 = Release LSS|x64
		Release NN IDB|x64 = Release NN IDB|x64
		Release NN LSM|x64 = Release NN LSM|x64
		Release NN LSS|x64 = Release NN LSS|x64
		Release NN NS IDB|x64 = Release NN NS IDB|x64
		Release NN NS LSM|x64 = Release NN NS LSM|x64
		Release NN NS LSS|x64 = Release NN NS LSS|x64
		Release NN NS|x64 = Release NN NS|x64
		Release NN|x64 = Release NN|x64
		Release NS IDB|x64 = Release NS IDB|x64
		Release NS LSM|x64 = Release NS LSM|x64
		Release NS LSS|x64 = Release NS LSS|x64
		Release NS|x64 = Release NS|x64
		Release|x64 = Release|x64
		Release JIT|x64 = Release JIT|x64
		Profile JIT|x64 = Profile JIT|x64
		Debug JIT|x64 = Debug JIT|x64
		Release - SSE2|x64 = Release - SSE2|x64
		Release NS - SSE2|x64 = Release NS - SSE2|x64
		Release IDB - SSE2|x64 = Release IDB - SSE2|x64
		Release NN - SSE2|x64 = Release NN - SSE2|x64
		Release NN NS - SSE2|x64 = Release NN NS - SSE2|x64
		Release JIT - SSE2|x64 = Release JIT - SSE2|x64
	EndGlobalSection
	GlobalSection(ProjectConfigurationPlatforms) = postSolution
		{C8EAA875-0ABD-48B5-B122-9006AE3D9A08}.Debug|x64.ActiveCfg = Debug|x64
		{C8EAA875-0ABD-48B5-B122-9006AE3D9A08}.Debug|x64.Build.0 = Debug|x64
		{C8EAA875-0ABD-48B5-B122-9006AE3D9A08}.Profile|x64.ActiveCfg = Profile|x64
		{C8EAA875-0ABD-48B5-B122-9006AE3D9A08}.Profile|x64.Build.0 = Profile|x64
		{C8EAA875-0ABD-48B5-B122-9006AE3D9A08}.Release IDB|x64.ActiveCfg = Release IDB|x64
		{C8EAA875-0ABD-48B5-B122-9006AE3D9A08}.Release IDB|x64.Build.0 = Release IDB|x64
		{C8EAA875-0ABD-48B5-B122-9006AE3D9A08}.Release LSM|x64.ActiveCfg = Release LSM|x64
		{C8EAA875-0ABD-48B5-B122-9006AE3D9A08}.Release LSM|x64.Build.0 = Release LSM|x64
		{C8EAA875-0ABD-48B5-B122-9006AE3D9A08}.Release LSS|x64.ActiveCfg = Release LSS|x64
		{C8EAA875-0ABD-48B5-B122-9006AE3D9A08}.Release LSS|x64.Build.0 = Release LSS|x64
		{C8EAA875-0ABD-48B5-B122-9006AE3D9A08}.Release NN IDB|x64.ActiveCfg = Release NN IDB|x64
		{C8EAA875-0ABD-48B5-B122-9006AE3D9A08}.Release NN IDB|x64.Build.0 = Release NN IDB|x64
		{C8EAA875-0ABD-48B5-B122-9006AE3D9A08}.Release NN LSM|x64.ActiveCfg = Release NN LSM|x64
		{C8EAA875-0ABD-48B5-B122-9006AE3D9A08}.Release NN LSM|x64.Build.0 = Release NN LSM|x64
		{C8EAA875-0ABD-48B5-B122-9006AE3D9A08}.Release NN LSS|x64.ActiveCfg = Release NN LSS|x64
		{C8EAA875-0ABD-48B5-B122-9006AE3D9A08}.Release NN LSS|x64.Build.0 = Release NN LSS|x64
		{C8EAA875-0ABD-48B5-B122-9006AE3D9A08}.Release NN NS IDB|x64.ActiveCfg = Release NN NS IDB|x64
		{C8EAA875-0ABD-48B5-B122-9006AE3D9A08}.Release NN NS IDB|x64.Build.0 = Release NN NS IDB|x64
		{C8EAA875-0ABD-48B5-B122-9006AE3D9A08}.Release NN NS LSM|x64.ActiveCfg = Release NN NS LSM|x64
		{C8EAA875-0ABD-48B5-B122-9006AE3D9A08}.Release NN NS LSM|x64.Build.0 = Release NN NS LSM|x64
		{C8EAA875-0ABD-48B5-B122-9006AE3D9A08}.Release NN NS LSS|x64.ActiveCfg = Release NN NS LSS|x64
		{C8EAA875-0ABD-48B5-B122-9006AE3D9A08}.Release NN NS LSS|x64.Build.0 = Release NN NS LSS|x64
		{C8EAA875-0ABD-48B5-B122-9006AE3D9A08}.Release NN NS|x64.ActiveCfg = Release NN NS|x64
		{C8EAA875-0ABD-48B5-B122-9006AE3D9A08}.Release NN NS|x64.Build.0 = Release NN NS|x64
		{C8EAA875-0ABD-48B5-B122-9006AE3D9A08}.Release NN|x64.ActiveCfg = Release NN|x64
		{C8EAA875-0ABD-48B5-B122-9006AE3D9A08}.Release NN|x64.Build.0 = Release NN|x64
		{C8EAA875-0ABD-48B5-B122-9006AE3D9A08}.Release NS IDB|x64.ActiveCfg = Release NS IDB|x64
		{C8EAA875-0ABD-48B5-B122-9006AE3D9A08}.Release NS IDB|x64.Build.0 = Release NS IDB|x64
		{C8EAA875-0ABD-48B5-B122-9006AE3D9A08}.Release NS LSM|x64.ActiveCfg = Release NS LSM|x64
		{C8EAA875-0ABD-48B5-B122-9006AE3D9A08}.Release NS LSM|x64.Build.0 = Release NS LSM|x64
		{C8EAA875-0ABD-48B5-B122-9006AE3D9A08}.Release NS LSS|x64.ActiveCfg = Release NS LSS|x64
		{C8EAA875-0ABD-48B5-B122-9006AE3D9A08}.Release NS LSS|x64.Build.0 = Release NS LSS|x64
		{C8EAA875-0ABD-48B5-B122-9006AE3D9A08}.Release NS|x64.ActiveCfg = Release NS|x64
		{C8EAA875-0ABD-48B5-B122-9006AE3D9A08}.Release NS|x64.Build.0 = Release NS|x64
		{C8EAA875-0ABD-48B5-B122-9006AE3D9A08}.Release|x64.ActiveCfg = Release|x64
		{C8EAA875-0ABD-48B5-B122-9006AE3D9A08}.Release|x64.Build.0 = Release|x64
		{1AF24273-FF0D-43AB-90DF-4823AE3D05BE}.Debug|x64.ActiveCfg = Debug|x64
		{1AF24273-FF0D-43AB-90DF-4823AE3D05BE}.Debug|x64.Build.0 = Debug|x64
		{1AF24273-FF0D-43AB-90DF-4823AE3D05BE}.Profile|x64.ActiveCfg = Release|x64
		{1AF24273-FF0D-43AB-90DF-4823AE3D05BE}.Profile|x64.Build.0 = Release|x64
		{1AF24273-FF0D-43AB-90DF-4823AE3D05BE}.Release IDB|x64.ActiveCfg = Release|x64
		{1AF24273-FF0D-43AB-90DF-4823AE3D05BE}.Release IDB|x64.Build.0 = Release|x64
		{1AF24273-FF0D-43AB-90DF-4823AE3D05BE}.Release LSM|x64.ActiveCfg = Release|x64
		{1AF24273-FF0D-43AB-90DF-4823AE3D05BE}.Release LSM|x64.Build.0 = Release|x64
		{1AF24273-FF0D-43AB-90DF-4823AE3D05BE}.Release LSS|x64.ActiveCfg = Release|x64
		{1AF24273-FF0D-43AB-90DF-4823AE3D05BE}.Release LSS|x64.Build.0 = Release|x64
		{1AF24273-FF0D-43AB-90DF-4823AE3D05BE}.Release NN IDB|x64.ActiveCfg = Release|x64
		{1AF24273-FF0D-43AB-90DF-4823AE3D05BE}.Release NN IDB|x64.Build.0 = Release|x64
		{1AF24273-FF0D-43AB-90DF-4823AE3D05BE}.Release NN LSM|x64.ActiveCfg = Release|x64
		{1AF24273-FF0D-43AB-90DF-4823AE3D05BE}.Release NN LSM|x64.Build.0 = Release|x64
		{1AF24273-FF0D-43AB-90DF-4823AE3D05BE}.Release NN LSS|x64.ActiveCfg = Release|x64
		{1AF24273-FF0D-43AB-90DF-4823AE3D05BE}.Release NN LSS|x64.Build.0 = Release|x64
		{1AF24273-FF0D-43AB-90DF-4823AE3D05BE}.Release NN NS IDB|x64.ActiveCfg = Release|x64
		{1AF24273-FF0D-43AB-90DF-4823AE3D05BE}.Release NN NS IDB|x64.Build.0 = Release|x64
		{1AF24273-FF0D-43AB-90DF-4823AE3D05BE}.Release NN NS LSM|x64.ActiveCfg = Release|x64
		{1AF24273-FF0D-43AB-90DF-4823AE3D05BE}.Release NN NS LSM|x64.Build.0 = Release|x64
		{1AF24273-FF0D-43AB-90DF-4823AE3D05BE}.Release NN NS LSS|x64.ActiveCfg = Release|x64
		{1AF24273-FF0D-43AB-90DF-4823AE3D05BE}.Release NN NS LSS|x64.Build.0 = Release|x64
		{1AF24273-FF0D-43AB-90DF-4823AE3D05BE}.Release NN NS|x64.ActiveCfg = Release|x64
		{1AF24273-FF0D-43AB-90DF-4823AE3D05BE}.Release NN NS|x64.Build.0 = Release|x64
		{1AF24273-FF0D-43AB-90DF-4823AE3D05BE}.Release NN|x64.ActiveCfg = Release|x64
		{1AF24273-FF0D-43AB-90DF-4823AE3D05BE}.Release NN|x64.Build.0 = Release|x64
		{1AF24273-FF0D-43AB-90DF-4823AE3D05BE}.Release NS IDB|x64.ActiveCfg = Release|x64
		{1AF24273-FF0D-43AB-90DF-4823AE3D05BE}.Release NS IDB|x64.Build.0 = Release|x64
		{1AF24273-FF0D-43AB-90DF-4823AE3D05BE}.Release NS LSM|x64.ActiveCfg = Release|x64
		{1AF24273-FF0D-43AB-90DF-4823AE3D05BE}.Release NS LSM|x64.Build.0 = Release|x64
		{1AF24273-FF0D-43AB-90DF-4823AE3D05BE}.Release NS LSS|x64.ActiveCfg = Release|x64
		{1AF24273-FF0D-43AB-90DF-4823AE3D05BE}.Release NS LSS|x64.Build.0 = Release|x64
		{1AF24273-FF0D-43AB-90DF-4823AE3D05BE}.Release NS|x64.ActiveCfg = Release|x64
		{1AF24273-FF0D-43AB-90DF-4823AE3D05BE}.Release NS|x64.Build.0 = Release|x64
		{1AF24273-FF0D-43AB-90DF-4823AE3D05BE}.Release|x64.ActiveCfg = Release|x64
		{1AF24273-FF0D-43AB-90DF-4823AE3D05BE}.Release|x64.Build.0 = Release|x64
		{C8EAA875-0ABD-48B5-B122-9006AE3D9A08}.Release JIT|x64.ActiveCfg = Release JIT|x64
		{C8EAA875-0ABD-48B5-B122-9006AE3D9A08}.Release JIT|x64.Build.0 = Release JIT|x64
		{C8EAA875-0ABD-48B5-B122-9006AE3D9A08}.Profile JIT|x64.ActiveCfg = Profile JIT|x64
		{C8EAA875-0ABD-48B5-B122-9006AE3D9A08}.Profile JIT|x64.Build.0 = Profile JIT|x64
		{C8EAA875-0ABD-48B5-B122-9006AE3D9A08}.Debug JIT|x64.ActiveCfg = Debug JIT|x64
		{C8EAA875-0ABD-48B5-B122-9006AE3D9A08}.Debug JIT|x64.Build.0 = Debug JIT|x64
		{1AF24273-FF0D-43AB-90DF-4823AE3D05BE}.Release JIT|x64.ActiveCfg = Release|x64
		{1AF24273-FF0D-43AB-90DF-4823AE3D05BE}.Release JIT|x64.Build.0 = Release|x64
		{1AF24273-FF0D-43AB-90DF-4823AE3D05BE}.Profile JIT|x64.ActiveCfg = Release|x64
		{1AF24273-FF0D-43AB-90DF-4823AE3D05BE}.Profile JIT|x64.Build.0 = Release|x64
		{1AF24273-FF0D-43AB-90DF-4823AE3D05BE}.Debug JIT|x64.ActiveCfg = Debug|x64
		{1AF24273-FF0D-43AB-90DF-4823AE3D05BE}.Debug JIT|x64.Build.0 = Debug|x64
		{A11C0DE0-0000-4A11-B0F1-A2C3D4E5F601}.Debug|x64.ActiveCfg = Release|x64
		{A11C0DE0-0000-4A11-B0F1-A2C3D4E5F601}.Profile|x64.ActiveCfg = Release|x64
		{A11C0DE0-0000-4A11-B0F1-A2C3D4E5F601}.Release IDB|x64.ActiveCfg = Release|x64
		{A11C0DE0-0000-4A11-B0F1-A2C3D4E5F601}.Release LSM|x64.ActiveCfg = Release|x64
		{A11C0DE0-0000-4A11-B0F1-A2C3D4E5F601}.Release LSS|x64.ActiveCfg = Release|x64
		{A11C0DE0-0000-4A11-B0F1-A2C3D4E5F601}.Release NN IDB|x64.ActiveCfg = Release|x64
		{A11C0DE0-0000-4A11-B0F1-A2C3D4E5F601}.Release NN LSM|x64.ActiveCfg = Release|x64
		{A11C0DE0-0000-4A11-B0F1-A2C3D4E5F601}.Release NN LSS|x64.ActiveCfg = Release|x64
		{A11C0DE0-0000-4A11-B0F1-A2C3D4E5F601}.Release NN NS IDB|x64.ActiveCfg = Release|x64
		{A11C0DE0-0000-4A11-B0F1-A2C3D4E5F601}.Release NN NS LSM|x64.ActiveCfg = Release|x64
		{A11C0DE0-0000-4A11-B0F1-A2C3D4E5F601}.Release NN NS LSS|x64.ActiveCfg = Release|x64
		{A11C0DE0-0000-4A11-B0F1-A2C3D4E5F601}.Release NN NS|x64.ActiveCfg = Release|x64
		{A11C0DE0-0000-4A11-B0F1-A2C3D4E5F601}.Release NN|x64.ActiveCfg = Release|x64
		{A11C0DE0-0000-4A11-B0F1-A2C3D4E5F601}.Release NS IDB|x64.ActiveCfg = Release|x64
		{A11C0DE0-0000-4A11-B0F1-A2C3D4E5F601}.Release NS LSM|x64.ActiveCfg = Release|x64
		{A11C0DE0-0000-4A11-B0F1-A2C3D4E5F601}.Release NS LSS|x64.ActiveCfg = Release|x64
		{A11C0DE0-0000-4A11-B0F1-A2C3D4E5F601}.Release NS|x64.ActiveCfg = Release|x64
		{A11C0DE0-0000-4A11-B0F1-A2C3D4E5F601}.Release|x64.ActiveCfg = Release|x64
		{A11C0DE0-0000-4A11-B0F1-A2C3D4E5F601}.Release JIT|x64.ActiveCfg = Release|x64
		{A11C0DE0-0000-4A11-B0F1-A2C3D4E5F601}.Release JIT|x64.Build.0 = Release|x64
		{A11C0DE0-0000-4A11-B0F1-A2C3D4E5F601}.Profile JIT|x64.ActiveCfg = Release|x64
		{A11C0DE0-0000-4A11-B0F1-A2C3D4E5F601}.Profile JIT|x64.Build.0 = Release|x64
		{A11C0DE0-0000-4A11-B0F1-A2C3D4E5F601}.Debug JIT|x64.ActiveCfg = Debug|x64
		{A11C0DE0-0000-4A11-B0F1-A2C3D4E5F601}.Debug JIT|x64.Build.0 = Debug|x64
		{C8EAA875-0ABD-48B5-B122-9006AE3D9A08}.Release - SSE2|x64.ActiveCfg = Release - SSE2|x64
		{C8EAA875-0ABD-48B5-B122-9006AE3D9A08}.Release - SSE2|x64.Build.0 = Release - SSE2|x64
		{C8EAA875-0ABD-48B5-B122-9006AE3D9A08}.Release NS - SSE2|x64.ActiveCfg = Release NS - SSE2|x64
		{C8EAA875-0ABD-48B5-B122-9006AE3D9A08}.Release NS - SSE2|x64.Build.0 = Release NS - SSE2|x64
		{C8EAA875-0ABD-48B5-B122-9006AE3D9A08}.Release IDB - SSE2|x64.ActiveCfg = Release IDB - SSE2|x64
		{C8EAA875-0ABD-48B5-B122-9006AE3D9A08}.Release IDB - SSE2|x64.Build.0 = Release IDB - SSE2|x64
		{C8EAA875-0ABD-48B5-B122-9006AE3D9A08}.Release NN - SSE2|x64.ActiveCfg = Release NN - SSE2|x64
		{C8EAA875-0ABD-48B5-B122-9006AE3D9A08}.Release NN - SSE2|x64.Build.0 = Release NN - SSE2|x64
		{C8EAA875-0ABD-48B5-B122-9006AE3D9A08}.Release NN NS - SSE2|x64.ActiveCfg = Release NN NS - SSE2|x64
		{C8EAA875-0ABD-48B5-B122-9006AE3D9A08}.Release NN NS - SSE2|x64.Build.0 = Release NN NS - SSE2|x64
		{C8EAA875-0ABD-48B5-B122-9006AE3D9A08}.Release JIT - SSE2|x64.ActiveCfg = Release JIT - SSE2|x64
		{C8EAA875-0ABD-48B5-B122-9006AE3D9A08}.Release JIT - SSE2|x64.Build.0 = Release JIT - SSE2|x64
		{1AF24273-FF0D-43AB-90DF-4823AE3D05BE}.Release - SSE2|x64.ActiveCfg = Release|x64
		{1AF24273-FF0D-43AB-90DF-4823AE3D05BE}.Release - SSE2|x64.Build.0 = Release|x64
		{1AF24273-FF0D-43AB-90DF-4823AE3D05BE}.Release NS - SSE2|x64.ActiveCfg = Release|x64
		{1AF24273-FF0D-43AB-90DF-4823AE3D05BE}.Release NS - SSE2|x64.Build.0 = Release|x64
		{1AF24273-FF0D-43AB-90DF-4823AE3D05BE}.Release IDB - SSE2|x64.ActiveCfg = Release|x64
		{1AF24273-FF0D-43AB-90DF-4823AE3D05BE}.Release IDB - SSE2|x64.Build.0 = Release|x64
		{1AF24273-FF0D-43AB-90DF-4823AE3D05BE}.Release NN - SSE2|x64.ActiveCfg = Release|x64
		{1AF24273-FF0D-43AB-90DF-4823AE3D05BE}.Release NN - SSE2|x64.Build.0 = Release|x64
		{1AF24273-FF0D-43AB-90DF-4823AE3D05BE}.Release NN NS - SSE2|x64.ActiveCfg = Release|x64
		{1AF24273-FF0D-43AB-90DF-4823AE3D05BE}.Release NN NS - SSE2|x64.Build.0 = Release|x64
		{1AF24273-FF0D-43AB-90DF-4823AE3D05BE}.Release JIT - SSE2|x64.ActiveCfg = Release|x64
		{1AF24273-FF0D-43AB-90DF-4823AE3D05BE}.Release JIT - SSE2|x64.Build.0 = Release|x64
		{A11C0DE0-0000-4A11-B0F1-A2C3D4E5F601}.Release - SSE2|x64.ActiveCfg = Release|x64
		{A11C0DE0-0000-4A11-B0F1-A2C3D4E5F601}.Release NS - SSE2|x64.ActiveCfg = Release|x64
		{A11C0DE0-0000-4A11-B0F1-A2C3D4E5F601}.Release IDB - SSE2|x64.ActiveCfg = Release|x64
		{A11C0DE0-0000-4A11-B0F1-A2C3D4E5F601}.Release NN - SSE2|x64.ActiveCfg = Release|x64
		{A11C0DE0-0000-4A11-B0F1-A2C3D4E5F601}.Release NN NS - SSE2|x64.ActiveCfg = Release|x64
		{A11C0DE0-0000-4A11-B0F1-A2C3D4E5F601}.Release JIT - SSE2|x64.ActiveCfg = Release|x64
		{A11C0DE0-0000-4A11-B0F1-A2C3D4E5F601}.Release JIT - SSE2|x64.Build.0 = Release|x64
		{6C1F0A3E-5B2D-4E8A-9C71-2D3E4F5A6B01}.Debug|x64.ActiveCfg = Debug|x64
		{6C1F0A3E-5B2D-4E8A-9C71-2D3E4F5A6B01}.Debug|x64.Build.0 = Debug|x64
		{6C1F0A3E-5B2D-4E8A-9C71-2D3E4F5A6B01}.Profile|x64.ActiveCfg = Release|x64
		{6C1F0A3E-5B2D-4E8A-9C71-2D3E4F5A6B01}.Profile|x64.Build.0 = Release|x64
		{6C1F0A3E-5B2D-4E8A-9C71-2D3E4F5A6B01}.Release IDB|x64.ActiveCfg = Release|x64
		{6C1F0A3E-5B2D-4E8A-9C71-2D3E4F5A6B01}.Release IDB|x64.Build.0 = Release|x64
		{6C1F0A3E-5B2D-4E8A-9C71-2D3E4F5A6B01}.Release LSM|x64.ActiveCfg = Release|x64
		{6C1F0A3E-5B2D-4E8A-9C71-2D3E4F5A6B01}.Release LSM|x64.Build.0 = Release|x64
		{6C1F0A3E-5B2D-4E8A-9C71-2D3E4F5A6B01}.Release LSS|x64.ActiveCfg = Release|x64
		{6C1F0A3E-5B2D-4E8A-9C71-2D3E4F5A6B01}.Release LSS|x64.Build.0 = Release|x64
		{6C1F0A3E-5B2D-4E8A-9C71-2D3E4F5A6B01}.Release NN IDB|x64.ActiveCfg = Release|x64
		{6C1F0A3E-5B2D-4E8A-9C71-2D3E4F5A6B01}.Release NN IDB|x64.Build.0 = Release|x64
		{6C1F0A3E-5B2D-4E8A-9C71-2D3E4F5A6B01}.Release NN LSM|x64.ActiveCfg = Release|x64
		{6C1F0A3E-5B2D-4E8A-9C71-2D3E4F5A6B01}.Release NN LSM|x64.Build.0 = Release|x64
		{6C1F0A3E-5B2D-4E8A-9C71-2D3E4F5A6B01}.Release NN LSS|x64.ActiveCfg = Release|x64
		{6C1F0A3E-5B2D-4E8A-9C71-2D3E4F5A6B01}.Release NN LSS|x64.Build.0 = Release|x64
		{6C1F0A3E-5B2D-4E8A-9C71-2D3E4F5A6B01}.Release NN NS IDB|x64.ActiveCfg = Release|x64
		{6C1F0A3E-5B2D-4E8A-9C71-2D3E4F5A6B01}.Release NN NS IDB|x64.Build.0 = Release|x64
		{6C1F0A3E-5B2D-4E8A-9C71-2D3E4F5A6B01}.Release NN NS LSM|x64.ActiveCfg = Release|x64
		{6C1F0A3E-5B2D-4E8A-9C71-2D3E4F5A6B01}.Release NN NS LSM|x64.Build.0 = Release|x64
		{6C1F0A3E-5B2D-4E8A-9C71-2D3E4F5A6B01}.Release NN NS LSS|x64.ActiveCfg = Release|x64
		{6C1F0A3E-5B2D-4E8A-9C71-2D3E4F5A6B01}.Release NN NS LSS|x64.Build.0 = Release|x64
		{6C1F0A3E-5B2D-4E8A-9C71-2D3E4F5A6B01}.Release NN NS|x64.ActiveCfg = Release|x64
		{6C1F0A3E-5B2D-4E8A-9C71-2D3E4F5A6B01}.Release NN NS|x64.Build.0 = Release|x64
		{6C1F0A3E-5B2D-4E8A-9C71-2D3E4F5A6B01}.Release NN|x64.ActiveCfg = Release|x64
		{6C1F0A3E-5B2D-4E8A-9C71-2D3E4F5A6B01}.Release NN|x64.Build.0 = Release|x64
		{6C1F0A3E-5B2D-4E8A-9C71-2D3E4F5A6B01}.Release NS IDB|x64.ActiveCfg = Release|x64
		{6C1F0A3E-5B2D-4E8A-9C71-2D3E4F5A6B01}.Release NS IDB|x64.Build.0 = Release|x64
		{6C1F0A3E-5B2D-4E8A-9C71-2D3E4F5A6B01}.Release NS LSM|x64.ActiveCfg = Release|x64
		{6C1F0A3E-5B2D-4E8A-9C71-2D3E4F5A6B01}.Release NS LSM|x64.Build.0 = Release|x64
		{6C1F0A3E-5B2D-4E8A-9C71-2D3E4F5A6B01}.Release NS LSS|x64.ActiveCfg = Release|x64
		{6C1F0A3E-5B2D-4E8A-9C71-2D3E4F5A6B01}.Release NS LSS|x64.Build.0 = Release|x64
		{6C1F0A3E-5B2D-4E8A-9C71-2D3E4F5A6B01}.Release NS|x64.ActiveCfg = Release|x64
		{6C1F0A3E-5B2D-4E8A-9C71-2D3E4F5A6B01}.Release NS|x64.Build.0 = Release|x64
		{6C1F0A3E-5B2D-4E8A-9C71-2D3E4F5A6B01}.Release|x64.ActiveCfg = Release|x64
		{6C1F0A3E-5B2D-4E8A-9C71-2D3E4F5A6B01}.Release|x64.Build.0 = Release|x64
		{6C1F0A3E-5B2D-4E8A-9C71-2D3E4F5A6B01}.Release JIT|x64.ActiveCfg = Release|x64
		{6C1F0A3E-5B2D-4E8A-9C71-2D3E4F5A6B01}.Release JIT|x64.Build.0 = Release|x64
		{6C1F0A3E-5B2D-4E8A-9C71-2D3E4F5A6B01}.Profile JIT|x64.ActiveCfg = Release|x64
		{6C1F0A3E-5B2D-4E8A-9C71-2D3E4F5A6B01}.Profile JIT|x64.Build.0 = Release|x64
		{6C1F0A3E-5B2D-4E8A-9C71-2D3E4F5A6B01}.Debug JIT|x64.ActiveCfg = Debug|x64
		{6C1F0A3E-5B2D-4E8A-9C71-2D3E4F5A6B01}.Debug JIT|x64.Build.0 = Debug|x64
		{6C1F0A3E-5B2D-4E8A-9C71-2D3E4F5A6B01}.Release - SSE2|x64.ActiveCfg = Release|x64
		{6C1F0A3E-5B2D-4E8A-9C71-2D3E4F5A6B01}.Release - SSE2|x64.Build.0 = Release|x64
		{6C1F0A3E-5B2D-4E8A-9C71-2D3E4F5A6B01}.Release NS - SSE2|x64.ActiveCfg = Release|x64
		{6C1F0A3E-5B2D-4E8A-9C71-2D3E4F5A6B01}.Release NS - SSE2|x64.Build.0 = Release|x64
		{6C1F0A3E-5B2D-4E8A-9C71-2D3E4F5A6B01}.Release IDB - SSE2|x64.ActiveCfg = Release|x64
		{6C1F0A3E-5B2D-4E8A-9C71-2D3E4F5A6B01}.Release IDB - SSE2|x64.Build.0 = Release|x64
		{6C1F0A3E-5B2D-4E8A-9C71-2D3E4F5A6B01}.Release NN - SSE2|x64.ActiveCfg = Release|x64
		{6C1F0A3E-5B2D-4E8A-9C71-2D3E4F5A6B01}.Release NN - SSE2|x64.Build.0 = Release|x64
		{6C1F0A3E-5B2D-4E8A-9C71-2D3E4F5A6B01}.Release NN NS - SSE2|x64.ActiveCfg = Release|x64
		{6C1F0A3E-5B2D-4E8A-9C71-2D3E4F5A6B01}.Release NN NS - SSE2|x64.Build.0 = Release|x64
		{6C1F0A3E-5B2D-4E8A-9C71-2D3E4F5A6B01}.Release JIT - SSE2|x64.ActiveCfg = Release|x64
		{6C1F0A3E-5B2D-4E8A-9C71-2D3E4F5A6B01}.Release JIT - SSE2|x64.Build.0 = Release|x64
		{7D2E1B4F-6C3E-4F9B-8D82-3E4F5A6B7C02}.Debug|x64.ActiveCfg = Debug|x64
		{7D2E1B4F-6C3E-4F9B-8D82-3E4F5A6B7C02}.Debug|x64.Build.0 = Debug|x64
		{7D2E1B4F-6C3E-4F9B-8D82-3E4F5A6B7C02}.Profile|x64.ActiveCfg = Release|x64
		{7D2E1B4F-6C3E-4F9B-8D82-3E4F5A6B7C02}.Profile|x64.Build.0 = Release|x64
		{7D2E1B4F-6C3E-4F9B-8D82-3E4F5A6B7C02}.Release IDB|x64.ActiveCfg = Release|x64
		{7D2E1B4F-6C3E-4F9B-8D82-3E4F5A6B7C02}.Release IDB|x64.Build.0 = Release|x64
		{7D2E1B4F-6C3E-4F9B-8D82-3E4F5A6B7C02}.Release LSM|x64.ActiveCfg = Release|x64
		{7D2E1B4F-6C3E-4F9B-8D82-3E4F5A6B7C02}.Release LSM|x64.Build.0 = Release|x64
		{7D2E1B4F-6C3E-4F9B-8D82-3E4F5A6B7C02}.Release LSS|x64.ActiveCfg = Release|x64
		{7D2E1B4F-6C3E-4F9B-8D82-3E4F5A6B7C02}.Release LSS|x64.Build.0 = Release|x64
		{7D2E1B4F-6C3E-4F9B-8D82-3E4F5A6B7C02}.Release NN IDB|x64.ActiveCfg = Release|x64
		{7D2E1B4F-6C3E-4F9B-8D82-3E4F5A6B7C02}.Release NN IDB|x64.Build.0 = Release|x64
		{7D2E1B4F-6C3E-4F9B-8D82-3E4F5A6B7C02}.Release NN LSM|x64.ActiveCfg = Release|x64
		{7D2E1B4F-6C3E-4F9B-8D82-3E4F5A6B7C02}.Release NN LSM|x64.Build.0 = Release|x64
		{7D2E1B4F-6C3E-4F9B-8D82-3E4F5A6B7C02}.Release NN LSS|x64.ActiveCfg = Release|x64
		{7D2E1B4F-6C3E-4F9B-8D82-3E4F5A6B7C02}.Release NN LSS|x64.Build.0 = Release|x64
		{7D2E1B4F-6C3E-4F9B-8D82-3E4F5A6B7C02}.Release NN NS IDB|x64.ActiveCfg = Release|x64
		{7D2E1B4F-6C3E-4F9B-8D82-3E4F5A6B7C02}.Release NN NS IDB|x64.Build.0 = Release|x64
		{7D2E1B4F-6C3E-4F9B-8D82-3E4F5A6B7C02}.Release NN NS LSM|x64.ActiveCfg = Release|x64
		{7D2E1B4F-6C3E-4F9B-8D82-3E4F5A6B7C02}.Release NN NS LSM|x64.Build.0 = Release|x64
		{7D2E1B4F-6C3E-4F9B-8D82-3E4F5A6B7C02}.Release NN NS LSS|x64.ActiveCfg = Release|x64
		{7D2E1B4F-6C3E-4F9B-8D82-3E4F5A6B7C02}.Release NN NS LSS|x64.Build.0 = Release|x64
		{7D2E1B4F-6C3E-4F9B-8D82-3E4F5A6B7C02}.Release NN NS|x64.ActiveCfg = Release|x64
		{7D2E1B4F-6C3E-4F9B-8D82-3E4F5A6B7C02}.Release NN NS|x64.Build.0 = Release|x64
		{7D2E1B4F-6C3E-4F9B-8D82-3E4F5A6B7C02}.Release NN|x64.ActiveCfg = Release|x64
		{7D2E1B4F-6C3E-4F9B-8D82-3E4F5A6B7C02}.Release NN|x64.Build.0 = Release|x64
		{7D2E1B4F-6C3E-4F9B-8D82-3E4F5A6B7C02}.Release NS IDB|x64.ActiveCfg = Release|x64
		{7D2E1B4F-6C3E-4F9B-8D82-3E4F5A6B7C02}.Release NS IDB|x64.Build.0 = Release|x64
		{7D2E1B4F-6C3E-4F9B-8D82-3E4F5A6B7C02}.Release NS LSM|x64.ActiveCfg = Release|x64
		{7D2E1B4F-6C3E-4F9B-8D82-3E4F5A6B7C02}.Release NS LSM|x64.Build.0 = Release|x64
		{7D2E1B4F-6C3E-4F9B-8D82-3E4F5A6B7C02}.Release NS LSS|x64.ActiveCfg = Release|x64
		{7D2E1B4F-6C3E-4F9B-8D82-3E4F5A6B7C02}.Release NS LSS|x64.Build.0 = Release|x64
		{7D2E1B4F-6C3E-4F9B-8D82-3E4F5A6B7C02}.Release NS|x64.ActiveCfg = Release|x64
		{7D2E1B4F-6C3E-4F9B-8D82-3E4F5A6B7C02}.Release NS|x64.Build.0 = Release|x64
		{7D2E1B4F-6C3E-4F9B-8D82-3E4F5A6B7C02}.Release|x64.ActiveCfg = Release|x64
		{7D2E1B4F-6C3E-4F9B-8D82-3E4F5A6B7C02}.Release|x64.Build.0 = Release|x64
		{7D2E1B4F-6C3E-4F9B-8D82-3E4F5A6B7C02}.Release JIT|x64.ActiveCfg = Release|x64
		{7D2E1B4F-6C3E-4F9B-8D82-3E4F5A6B7C02}.Release JIT|x64.Build.0 = Release|x64
		{7D2E1B4F-6C3E-4F9B-8D82-3E4F5A6B7C02}.Profile JIT|x64.ActiveCfg = Release|x64
		{7D2E1B4F-6C3E-4F9B-8D82-3E4F5A6B7C02}.Profile JIT|x64.Build.0 = Release|x64
		{7D2E1B4F-6C3E-4F9B-8D82-3E4F5A6B7C02}.Debug JIT|x64.ActiveCfg = Debug|x64
		{7D2E1B4F-6C3E-4F9B-8D82-3E4F5A6B7C02}.Debug JIT|x64.Build.0 = Debug|x64
		{7D2E1B4F-6C3E-4F9B-8D82-3E4F5A6B7C02}.Release - SSE2|x64.ActiveCfg = Release|x64
		{7D2E1B4F-6C3E-4F9B-8D82-3E4F5A6B7C02}.Release - SSE2|x64.Build.0 = Release|x64
		{7D2E1B4F-6C3E-4F9B-8D82-3E4F5A6B7C02}.Release NS - SSE2|x64.ActiveCfg = Release|x64
		{7D2E1B4F-6C3E-4F9B-8D82-3E4F5A6B7C02}.Release NS - SSE2|x64.Build.0 = Release|x64
		{7D2E1B4F-6C3E-4F9B-8D82-3E4F5A6B7C02}.Release IDB - SSE2|x64.ActiveCfg = Release|x64
		{7D2E1B4F-6C3E-4F9B-8D82-3E4F5A6B7C02}.Release IDB - SSE2|x64.Build.0 = Release|x64
		{7D2E1B4F-6C3E-4F9B-8D82-3E4F5A6B7C02}.Release NN - SSE2|x64.ActiveCfg = Release|x64
		{7D2E1B4F-6C3E-4F9B-8D82-3E4F5A6B7C02}.Release NN - SSE2|x64.Build.0 = Release|x64
		{7D2E1B4F-6C3E-4F9B-8D82-3E4F5A6B7C02}.Release NN NS - SSE2|x64.ActiveCfg = Release|x64
		{7D2E1B4F-6C3E-4F9B-8D82-3E4F5A6B7C02}.Release NN NS - SSE2|x64.Build.0 = Release|x64
		{7D2E1B4F-6C3E-4F9B-8D82-3E4F5A6B7C02}.Release JIT - SSE2|x64.ActiveCfg = Release|x64
		{7D2E1B4F-6C3E-4F9B-8D82-3E4F5A6B7C02}.Release JIT - SSE2|x64.Build.0 = Release|x64
	EndGlobalSection
	GlobalSection(SolutionProperties) = preSolution
		HideSolutionNode = FALSE
	EndGlobalSection
	GlobalSection(ExtensibilityGlobals) = postSolution
		SolutionGuid = {871204F6-DB77-4B02-900B-2CC0A0BA44AF}
	EndGlobalSection
EndGlobal
