<?xml version="1.0" encoding="utf-8"?>
<Project ToolsVersion="4.0" xmlns="http://schemas.microsoft.com/developer/msbuild/2003">
  <ItemGroup>
    <Filter Include="Source Files">
      <UniqueIdentifier>{a10bd7e5-394c-4448-a8d3-f8c4b5bedb43}</UniqueIdentifier>
      <Extensions>cpp;c;cxx;rc;def;r;odl;idl;hpj;bat</Extensions>
    </Filter>
    <Filter Include="Header Files">
      <UniqueIdentifier>{5c68aefd-92ff-403f-8849-dad3270ee9e5}</UniqueIdentifier>
      <Extensions>h;hpp;hxx;hm;inl</Extensions>
    </Filter>
    <Filter Include="Resource Files">
      <UniqueIdentifier>{e5c2ec9a-13fe-4f89-a1f6-8e918d1390cf}</UniqueIdentifier>
      <Extensions>ico;cur;bmp;dlg;rc2;rct;bin;rgs;gif;jpg;jpeg;jpe</Extensions>
    </Filter>
    <Filter Include="Resource Files\src">
      <UniqueIdentifier>{5e36500d-939a-4ab5-9273-4e3f7977efdb}</UniqueIdentifier>
    </Filter>
    <Filter Include="Header Files\emu">
      <UniqueIdentifier>{21aaffb3-4d8a-4beb-a754-e62b8c020cac}</UniqueIdentifier>
    </Filter>
    <Filter Include="Header Files\gui">
      <UniqueIdentifier>{38ab14a8-a601-4ad5-97f8-fbd635febb15}</UniqueIdentifier>
    </Filter>
    <Filter Include="Source Files\gui">
      <UniqueIdentifier>{0ed12970-9e63-438f-a7d1-dc29a247e3bb}</UniqueIdentifier>
    </Filter>
    <Filter Include="Header Files\base">
      <UniqueIdentifier>{fe63d559-db25-4f3c-a505-02620a08473b}</UniqueIdentifier>
    </Filter>
    <Filter Include="Source Files\base">
      <UniqueIdentifier>{a394f85f-6eee-4118-a88d-d1c7dcd7b8df}</UniqueIdentifier>
    </Filter>
    <Filter Include="Resource Files\m4">
      <UniqueIdentifier>{d9901c04-acad-4c9d-984c-00cc890b7152}</UniqueIdentifier>
    </Filter>
    <Filter Include="Resource Files\.github stuff">
      <UniqueIdentifier>{a4d7ec1f-da42-411a-89a4-e80b7300a44c}</UniqueIdentifier>
    </Filter>
    <Filter Include="Header Files\jit">
      <UniqueIdentifier>{9d4e1954-70b3-4ded-8268-6ab211ca925d}</UniqueIdentifier>
    </Filter>
    <Filter Include="Source Files\jit">
      <UniqueIdentifier>{afc55d99-1707-459d-8bd0-c5f33acd4dea}</UniqueIdentifier>
    </Filter>
  </ItemGroup>
  <ItemGroup>
    <ClCompile Include="..\AliM1543C.cpp">
      <Filter>Source Files</Filter>
    </ClCompile>
    <ClCompile Include="..\AliM1543C_ide.cpp">
      <Filter>Source Files</Filter>
    </ClCompile>
    <ClCompile Include="..\AliM1543C_usb.cpp">
      <Filter>Source Files</Filter>
    </ClCompile>
    <ClCompile Include="..\AliM1543C_pmu.cpp">
      <Filter>Source Files</Filter>
    </ClCompile>
    <ClCompile Include="..\AlphaCPU.cpp">
      <Filter>Source Files</Filter>
    </ClCompile>
    <ClCompile Include="..\AlphaCPU_ieeefloat.cpp">
      <Filter>Source Files</Filter>
    </ClCompile>
    <ClCompile Include="..\AlphaCPU_vaxfloat.cpp">
      <Filter>Source Files</Filter>
    </ClCompile>
    <ClCompile Include="..\AlphaCPU_vmspal.cpp">
      <Filter>Source Files</Filter>
    </ClCompile>
    <ClCompile Include="..\AlphaSim.cpp">
      <Filter>Source Files</Filter>
    </ClCompile>
    <ClCompile Include="..\Cirrus.cpp">
      <Filter>Source Files</Filter>
    </ClCompile>
    <ClCompile Include="..\Configurator.cpp">
      <Filter>Source Files</Filter>
    </ClCompile>
    <ClCompile Include="..\DEC21143.cpp">
      <Filter>Source Files</Filter>
    </ClCompile>
    <ClCompile Include="..\NetworkBackend.cpp">
      <Filter>Source Files</Filter>
    </ClCompile>
    <ClCompile Include="..\NetworkPcap.cpp">
      <Filter>Source Files</Filter>
    </ClCompile>
    <ClCompile Include="..\NetworkTap.cpp">
      <Filter>Source Files</Filter>
    </ClCompile>
    <ClCompile Include="..\NetworkVmnetIPC.cpp">
      <Filter>Source Files</Filter>
    </ClCompile>
    <ClCompile Include="..\es40_vmnet_helper.cpp">
      <Filter>Source Files</Filter>
    </ClCompile>
    <ClCompile Include="..\Disk.cpp">
      <Filter>Source Files</Filter>
    </ClCompile>
    <ClCompile Include="..\DiskController.cpp">
      <Filter>Source Files</Filter>
    </ClCompile>
    <ClCompile Include="..\DiskDevice.cpp">
      <Filter>Source Files</Filter>
    </ClCompile>
    <ClCompile Include="..\DiskFile.cpp">
      <Filter>Source Files</Filter>
    </ClCompile>
    <ClCompile Include="..\DiskRam.cpp">
      <Filter>Source Files</Filter>
    </ClCompile>
    <ClCompile Include="..\DMA.cpp">
      <Filter>Source Files</Filter>
    </ClCompile>
    <ClCompile Include="..\DPR.cpp">
      <Filter>Source Files</Filter>
    </ClCompile>
    <ClCompile Include="..\es40_debug.cpp">
      <Filter>Source Files</Filter>
    </ClCompile>
    <ClCompile Include="..\Ethernet.cpp">
      <Filter>Source Files</Filter>
    </ClCompile>
    <ClCompile Include="..\Flash.cpp">
      <Filter>Source Files</Filter>
    </ClCompile>
    <ClCompile Include="..\FloppyController.cpp">
      <Filter>Source Files</Filter>
    </ClCompile>
    <ClCompile Include="..\Keyboard.cpp">
      <Filter>Source Files</Filter>
    </ClCompile>
    <ClCompile Include="..\lockstep.cpp">
      <Filter>Source Files</Filter>
    </ClCompile>
    <ClCompile Include="..\PCIDevice.cpp">
      <Filter>Source Files</Filter>
    </ClCompile>
    <ClCompile Include="..\Port80.cpp">
      <Filter>Source Files</Filter>
    </ClCompile>
    <ClCompile Include="..\S3Trio64.cpp">
      <Filter>Source Files</Filter>
    </ClCompile>
    <ClCompile Include="..\SCSIBus.cpp">
      <Filter>Source Files</Filter>
    </ClCompile>
    <ClCompile Include="..\SCSIDevice.cpp">
      <Filter>Source Files</Filter>
    </ClCompile>
    <ClCompile Include="..\Serial.cpp">
      <Filter>Source Files</Filter>
    </ClCompile>
    <ClCompile Include="..\StdAfx.cpp">
      <Filter>Source Files</Filter>
    </ClCompile>
    <ClCompile Include="..\LSI53C1020.cpp">
      <Filter>Source Files</Filter>
    </ClCompile>
    <ClCompile Include="..\Sym53C810.cpp">
      <Filter>Source Files</Filter>
    </ClCompile>
    <ClCompile Include="..\Sym53C895.cpp">
      <Filter>Source Files</Filter>
    </ClCompile>
    <ClCompile Include="..\System.cpp">
      <Filter>Source Files</Filter>
    </ClCompile>
    <ClCompile Include="..\SystemComponent.cpp">
      <Filter>Source Files</Filter>
    </ClCompile>
    <ClCompile Include="..\TraceEngine.cpp">
      <Filter>Source Files</Filter>
    </ClCompile>
    <ClCompile Include="..\VGA.cpp">
      <Filter>Source Files</Filter>
    </ClCompile>
    <ClCompile Include="..\i2c_spd.cpp">
      <Filter>Source Files</Filter>
    </ClCompile>
    <ClCompile Include="..\ibm8514a.cpp">
      <Filter>Source Files</Filter>
    </ClCompile>
    <ClCompile Include="..\gui\sdl.cpp">
      <Filter>Source Files\gui</Filter>
    </ClCompile>
    <ClCompile Include="..\gui\sdl_media.cpp">
      <Filter>Source Files\gui</Filter>
    </ClCompile>
    <ClCompile Include="..\gui\scancodes.cpp">
      <Filter>Source Files\gui</Filter>
    </ClCompile>
    <ClCompile Include="..\gui\keymap.cpp">
      <Filter>Source Files\gui</Filter>
    </ClCompile>
    <ClCompile Include="..\gui\gui_win32.cpp">
      <Filter>Source Files\gui</Filter>
    </ClCompile>
    <ClCompile Include="..\gui\gui.cpp">
      <Filter>Source Files\gui</Filter>
    </ClCompile>
    <ClCompile Include="..\base\Exception.cpp">
      <Filter>Source Files\base</Filter>
    </ClCompile>
    <ClCompile Include="..\base\ThreadTLS.cpp">
      <Filter>Source Files</Filter>
    </ClCompile>
    <ClCompile Include="..\MPU401.cpp">
      <Filter>Source Files</Filter>
    </ClCompile>
    <ClCompile Include="..\ES1370.cpp">
      <Filter>Source Files</Filter>
    </ClCompile>
    <ClCompile Include="..\jit\jitengine.cpp">
      <Filter>Source Files\jit</Filter>
    </ClCompile>
    <ClCompile Include="..\jit\jitengine_x64.cpp">
      <Filter>Source Files\jit</Filter>
    </ClCompile>
    <ClCompile Include="..\jit\jitengine_a64.cpp">
      <Filter>Source Files\jit</Filter>
    </ClCompile>
  </ItemGroup>
  <ItemGroup>
    <ClInclude Include="..\AliM1543C.h">
      <Filter>Header Files</Filter>
    </ClInclude>
    <ClInclude Include="..\AliM1543C_ide.h">
      <Filter>Header Files</Filter>
    </ClInclude>
    <ClInclude Include="..\AliM1543C_usb.h">
      <Filter>Header Files</Filter>
    </ClInclude>
    <ClInclude Include="..\AliM1543C_pmu.h">
      <Filter>Header Files</Filter>
    </ClInclude>
    <ClInclude Include="..\AlphaCPU.h">
      <Filter>Header Files</Filter>
    </ClInclude>
    <ClInclude Include="..\Cirrus.h">
      <Filter>Header Files</Filter>
    </ClInclude>
    <ClInclude Include="..\config_vms.h">
      <Filter>Header Files</Filter>
    </ClInclude>
    <ClInclude Include="..\config_win32.h">
      <Filter>Header Files</Filter>
    </ClInclude>
    <ClInclude Include="..\Configurator.h">
      <Filter>Header Files</Filter>
    </ClInclude>
    <ClInclude Include="..\cpu_arith.h">
      <Filter>Header Files</Filter>
    </ClInclude>
    <ClInclude Include="..\cpu_bwx.h">
      <Filter>Header Files</Filter>
    </ClInclude>
    <ClInclude Include="..\cpu_control.h">
      <Filter>Header Files</Filter>
    </ClInclude>
    <ClInclude Include="..\cpu_debug.h">
      <Filter>Header Files</Filter>
    </ClInclude>
    <ClInclude Include="..\cpu_defs.h">
      <Filter>Header Files</Filter>
    </ClInclude>
    <ClInclude Include="..\cpu_fp_branch.h">
      <Filter>Header Files</Filter>
    </ClInclude>
    <ClInclude Include="..\cpu_fp_memory.h">
      <Filter>Header Files</Filter>
    </ClInclude>
    <ClInclude Include="..\cpu_fp_operate.h">
      <Filter>Header Files</Filter>
    </ClInclude>
    <ClInclude Include="..\cpu_logical.h">
      <Filter>Header Files</Filter>
    </ClInclude>
    <ClInclude Include="..\cpu_memory.h">
      <Filter>Header Files</Filter>
    </ClInclude>
    <ClInclude Include="..\cpu_misc.h">
      <Filter>Header Files</Filter>
    </ClInclude>
    <ClInclude Include="..\cpu_mvi.h">
      <Filter>Header Files</Filter>
    </ClInclude>
    <ClInclude Include="..\cpu_pal.h">
      <Filter>Header Files</Filter>
    </ClInclude>
    <ClInclude Include="..\cpu_vax.h">
      <Filter>Header Files</Filter>
    </ClInclude>
    <ClInclude Include="..\datatypes.h">
      <Filter>Header Files</Filter>
    </ClInclude>
    <ClInclude Include="..\DEC21143.h">
      <Filter>Header Files</Filter>
    </ClInclude>
    <ClInclude Include="..\DEC21143_mii.h">
      <Filter>Header Files</Filter>
    </ClInclude>
    <ClInclude Include="..\DEC21143_tulipreg.h">
      <Filter>Header Files</Filter>
    </ClInclude>
    <ClInclude Include="..\Disk.h">
      <Filter>Header Files</Filter>
    </ClInclude>
    <ClInclude Include="..\DiskController.h">
      <Filter>Header Files</Filter>
    </ClInclude>
    <ClInclude Include="..\DiskDevice.h">
      <Filter>Header Files</Filter>
    </ClInclude>
    <ClInclude Include="..\DiskFile.h">
      <Filter>Header Files</Filter>
    </ClInclude>
    <ClInclude Include="..\DiskRam.h">
      <Filter>Header Files</Filter>
    </ClInclude>
    <ClInclude Include="..\DMA.h">
      <Filter>Header Files</Filter>
    </ClInclude>
    <ClInclude Include="..\DPR.h">
      <Filter>Header Files</Filter>
    </ClInclude>
    <ClInclude Include="..\es40_debug.h">
      <Filter>Header Files</Filter>
    </ClInclude>
    <ClInclude Include="..\es40_endian.h">
      <Filter>Header Files</Filter>
    </ClInclude>
    <ClInclude Include="..\Ethernet.h">
      <Filter>Header Files</Filter>
    </ClInclude>
    <ClInclude Include="..\NetworkBackend.h">
      <Filter>Header Files</Filter>
    </ClInclude>
    <ClInclude Include="..\NetworkPcap.h">
      <Filter>Header Files</Filter>
    </ClInclude>
    <ClInclude Include="..\NetworkTap.h">
      <Filter>Header Files</Filter>
    </ClInclude>
    <ClInclude Include="..\NetworkVmnetIPC.h">
      <Filter>Header Files</Filter>
    </ClInclude>
    <ClInclude Include="..\NetworkVmnetProto.h">
      <Filter>Header Files</Filter>
    </ClInclude>
    <ClInclude Include="..\Flash.h">
      <Filter>Header Files</Filter>
    </ClInclude>
    <ClInclude Include="..\FloppyController.h">
      <Filter>Header Files</Filter>
    </ClInclude>
    <ClInclude Include="..\Keyboard.h">
      <Filter>Header Files</Filter>
    </ClInclude>
    <ClInclude Include="..\lockstep.h">
      <Filter>Header Files</Filter>
    </ClInclude>
    <ClInclude Include="..\PCIDevice.h">
      <Filter>Header Files</Filter>
    </ClInclude>
    <ClInclude Include="..\Port80.h">
      <Filter>Header Files</Filter>
    </ClInclude>
    <ClInclude Include="..\S3Trio64.h">
      <Filter>Header Files</Filter>
    </ClInclude>
    <ClInclude Include="..\SCSIBus.h">
      <Filter>Header Files</Filter>
    </ClInclude>
    <ClInclude Include="..\SCSIDevice.h">
      <Filter>Header Files</Filter>
    </ClInclude>
    <ClInclude Include="..\Serial.h">
      <Filter>Header Files</Filter>
    </ClInclude>
    <ClInclude Include="..\StdAfx.h">
      <Filter>Header Files</Filter>
    </ClInclude>
    <ClInclude Include="..\LSI53C1020.h">
      <Filter>Header Files</Filter>
    </ClInclude>
    <ClInclude Include="..\Sym53C810.h">
      <Filter>Header Files</Filter>
    </ClInclude>
    <ClInclude Include="..\Sym53C895.h">
      <Filter>Header Files</Filter>
    </ClInclude>
    <ClInclude Include="..\System.h">
      <Filter>Header Files</Filter>
    </ClInclude>
    <ClInclude Include="..\SystemComponent.h">
      <Filter>Header Files</Filter>
    </ClInclude>
    <ClInclude Include="..\telnet.h">
      <Filter>Header Files</Filter>
    </ClInclude>
    <ClInclude Include="..\TraceEngine.h">
      <Filter>Header Files</Filter>
    </ClInclude>
    <ClInclude Include="..\VGA.h">
      <Filter>Header Files</Filter>
    </ClInclude>
    <ClInclude Include="..\i2c_spd.h">
      <Filter>Header Files</Filter>
    </ClInclude>
    <ClInclude Include="..\xtal.h">
      <Filter>Header Files</Filter>
    </ClInclude>
    <ClInclude Include="..\logmacro.h">
      <Filter>Header Files</Filter>
    </ClInclude>
    <ClInclude Include="..\coretmpl.h">
      <Filter>Header Files</Filter>
    </ClInclude>
    <ClInclude Include="..\attotime.h">
      <Filter>Header Files</Filter>
    </ClInclude>
    <ClInclude Include="..\address_map.h">
      <Filter>Header Files</Filter>
    </ClInclude>
    <ClInclude Include="..\mame_shims.h">
      <Filter>Header Files</Filter>
    </ClInclude>
    <ClInclude Include="..\ibm8514a.h">
      <Filter>Header Files</Filter>
    </ClInclude>
    <ClInclude Include="..\emu\emu.h">
      <Filter>Header Files\emu</Filter>
    </ClInclude>
    <ClInclude Include="..\config_debug.h">
      <Filter>Header Files</Filter>
    </ClInclude>
    <ClInclude Include="..\gui\vga.h">
      <Filter>Header Files\gui</Filter>
    </ClInclude>
    <ClInclude Include="..\gui\sdlkeys.h">
      <Filter>Header Files\gui</Filter>
    </ClInclude>
    <ClInclude Include="..\gui\sdl_media.h">
      <Filter>Header Files\gui</Filter>
    </ClInclude>
    <ClInclude Include="..\gui\sdl_fonts.h">
      <Filter>Header Files\gui</Filter>
    </ClInclude>
    <ClInclude Include="..\gui\scancodes.h">
      <Filter>Header Files\gui</Filter>
    </ClInclude>
    <ClInclude Include="..\gui\plugin.h">
      <Filter>Header Files\gui</Filter>
    </ClInclude>
    <ClInclude Include="..\gui\keymap.h">
      <Filter>Header Files\gui</Filter>
    </ClInclude>
    <ClInclude Include="..\gui\gui.h">
      <Filter>Header Files\gui</Filter>
    </ClInclude>
    <ClInclude Include="..\base\Exception.h">
      <Filter>Header Files\base</Filter>
    </ClInclude>
    <ClInclude Include="..\base\Mutex.h">
      <Filter>Header Files\base</Filter>
    </ClInclude>
    <ClInclude Include="..\base\Platform_VMS.h">
      <Filter>Header Files\base</Filter>
    </ClInclude>
    <ClInclude Include="..\base\Runnable.h">
      <Filter>Header Files\base</Filter>
    </ClInclude>
    <ClInclude Include="..\base\RWLock.h">
      <Filter>Header Files\base</Filter>
    </ClInclude>
    <ClInclude Include="..\base\Semaphore.h">
      <Filter>Header Files\base</Filter>
    </ClInclude>
    <ClInclude Include="..\base\Thread.h">
      <Filter>Header Files\base</Filter>
    </ClInclude>
    <ClInclude Include="..\MPU401.h">
      <Filter>Header Files</Filter>
    </ClInclude>
    <ClInclude Include="..\ES1370.h">
      <Filter>Header Files</Filter>
    </ClInclude>
    <ClInclude Include="..\jit\jitengine.h">
      <Filter>Header Files\jit</Filter>
    </ClInclude>
    <ClInclude Include="..\jit\jitengine_internal.h">
      <Filter>Header Files\jit</Filter>
    </ClInclude>
    <ClInclude Include="..\diag_rpcc.h">
      <Filter>Header Files</Filter>
    </ClInclude>
    <ClInclude Include="..\DiskFileBinCue.h">
      <Filter>Header Files</Filter>
    </ClInclude>
    <ClInclude Include="..\banner.h">
      <Filter>Header Files</Filter>
    </ClInclude>
  </ItemGroup>
  <ItemGroup>
    <None Include="..\..\README.md">
      <Filter>Resource Files</Filter>
    </None>
    <None Include="..\..\autogen.sh">
      <Filter>Resource Files</Filter>
    </None>
    <None Include="..\..\configure.ac">
      <Filter>Resource Files</Filter>
    </None>
    <None Include="..\..\Makefile.am">
      <Filter>Resource Files</Filter>
    </None>
    <None Include="..\Makefile.am">
      <Filter>Resource Files\src</Filter>
    </None>
    <None Include="..\..\ChangeLog">
      <Filter>Resource Files</Filter>
    </None>
    <None Include="..\..\m4\ax_cxx_compile_stdcxx.m4">
      <Filter>Resource Files\m4</Filter>
    </None>
    <None Include="..\..\.github\workflows\build.yml">
      <Filter>Resource Files\.github stuff</Filter>
    </None>
    <None Include="..\..\m4\libpcap.m4">
      <Filter>Resource Files\m4</Filter>
    </None>
    <None Include="..\..\m4\x11.m4">
      <Filter>Resource Files\m4</Filter>
    </None>
    <None Include="..\es40.cfg">
      <Filter>Resource Files</Filter>
    </None>
    <None Include="..\..\.github\workflows\release.yml">
      <Filter>Resource Files\.github stuff</Filter>
    </None>
    <None Include="..\config.h.cmake">
      <Filter>Resource Files</Filter>
    </None>
  </ItemGroup>
  <ItemGroup>
    <Text Include="..\..\old_vga_docs.txt">
      <Filter>Resource Files</Filter>
    </Text>
    <Text Include="..\..\CMakeLists.txt">
      <Filter>Resource Files</Filter>
    </Text>
  </ItemGroup>
</Project>